// !$*UTF8*$!
{
	archiveVersion = 1;
	classes = {
	};
	objectVersion = 50;
	objects = {

/* Begin PBXBuildFile section */
		5D189C4B21076A690005C938 /* CorrectLabelSelector.swift in Sources */ = {isa = PBXBuildFile; fileRef = 5D189C4A21076A690005C938 /* CorrectLabelSelector.swift */; };
		5D3107212126F18800ABD427 /* ApiLogic.swift in Sources */ = {isa = PBXBuildFile; fileRef = 5D3107202126F18800ABD427 /* ApiLogic.swift */; };
		5D3107242126FCF900ABD427 /* EventsLogic.swift in Sources */ = {isa = PBXBuildFile; fileRef = 5D3107232126FCF900ABD427 /* EventsLogic.swift */; };
		5D310727212705AF00ABD427 /* RequestsLogic.swift in Sources */ = {isa = PBXBuildFile; fileRef = 5D310726212705AF00ABD427 /* RequestsLogic.swift */; };
		5D36EC4B2100A90900DCFBE4 /* HomeScreenView.swift in Sources */ = {isa = PBXBuildFile; fileRef = 5D36EC4A2100A90900DCFBE4 /* HomeScreenView.swift */; };
		5D36EC4D2100A92E00DCFBE4 /* HomeScreenLogic.swift in Sources */ = {isa = PBXBuildFile; fileRef = 5D36EC4C2100A92E00DCFBE4 /* HomeScreenLogic.swift */; };
		5D36EC502100A98700DCFBE4 /* JoinGameScreenLogic.swift in Sources */ = {isa = PBXBuildFile; fileRef = 5D36EC4F2100A98700DCFBE4 /* JoinGameScreenLogic.swift */; };
		5D36EC532100A9EC00DCFBE4 /* JoinGameScreenView.swift in Sources */ = {isa = PBXBuildFile; fileRef = 5D36EC522100A9EC00DCFBE4 /* JoinGameScreenView.swift */; };
		5D36EC552100A9FF00DCFBE4 /* StartGameScreenLogic.swift in Sources */ = {isa = PBXBuildFile; fileRef = 5D36EC542100A9FF00DCFBE4 /* StartGameScreenLogic.swift */; };
		5D36EC572100AA0C00DCFBE4 /* StartGameScreenView.swift in Sources */ = {isa = PBXBuildFile; fileRef = 5D36EC562100AA0C00DCFBE4 /* StartGameScreenView.swift */; };
		5D36EC5A2100AA7400DCFBE4 /* SettingsScreenLogic.swift in Sources */ = {isa = PBXBuildFile; fileRef = 5D36EC592100AA7400DCFBE4 /* SettingsScreenLogic.swift */; };
		5D36EC5C2100AA8300DCFBE4 /* SettingsScreenView.swift in Sources */ = {isa = PBXBuildFile; fileRef = 5D36EC5B2100AA8300DCFBE4 /* SettingsScreenView.swift */; };
		5D36EC5F2100AAAE00DCFBE4 /* TutorialScreenLogic.swift in Sources */ = {isa = PBXBuildFile; fileRef = 5D36EC5E2100AAAE00DCFBE4 /* TutorialScreenLogic.swift */; };
		5D36EC612100AABB00DCFBE4 /* TutorialScreenView.swift in Sources */ = {isa = PBXBuildFile; fileRef = 5D36EC602100AABB00DCFBE4 /* TutorialScreenView.swift */; };
		5D36EC642100AAE000DCFBE4 /* GameScreenView.swift in Sources */ = {isa = PBXBuildFile; fileRef = 5D36EC632100AAE000DCFBE4 /* GameScreenView.swift */; };
		5D36EC662100AAEB00DCFBE4 /* GameScreenLogic.swift in Sources */ = {isa = PBXBuildFile; fileRef = 5D36EC652100AAEB00DCFBE4 /* GameScreenLogic.swift */; };
		5D36EC692100AB2F00DCFBE4 /* EndGameScreenLogic.swift in Sources */ = {isa = PBXBuildFile; fileRef = 5D36EC682100AB2F00DCFBE4 /* EndGameScreenLogic.swift */; };
		5D36EC6B2100AB3D00DCFBE4 /* EndGameScreenView.swift in Sources */ = {isa = PBXBuildFile; fileRef = 5D36EC6A2100AB3C00DCFBE4 /* EndGameScreenView.swift */; };
		5D48F7DC210B1AC100737814 /* ChangeNameScreenLogic.swift in Sources */ = {isa = PBXBuildFile; fileRef = 5D48F7DB210B1AC100737814 /* ChangeNameScreenLogic.swift */; };
		5D48F7DE210B1AD200737814 /* ChangeNameScreenView.swift in Sources */ = {isa = PBXBuildFile; fileRef = 5D48F7DD210B1AD200737814 /* ChangeNameScreenView.swift */; };
		5D73792F20F0B6CF00885CEB /* AppDelegate.swift in Sources */ = {isa = PBXBuildFile; fileRef = 5D73792E20F0B6CF00885CEB /* AppDelegate.swift */; };
		5D73793820F0B6D000885CEB /* Assets.xcassets in Resources */ = {isa = PBXBuildFile; fileRef = 5D73793720F0B6D000885CEB /* Assets.xcassets */; };
		5D73793B20F0B6D000885CEB /* LaunchScreen.storyboard in Resources */ = {isa = PBXBuildFile; fileRef = 5D73793920F0B6D000885CEB /* LaunchScreen.storyboard */; };
		5D7766932105E48800ACEE22 /* ObjectRecognizerLogic.swift in Sources */ = {isa = PBXBuildFile; fileRef = 5D7766922105E48800ACEE22 /* ObjectRecognizerLogic.swift */; };
		5D7766972105E59F00ACEE22 /* ImageToStringConverter.swift in Sources */ = {isa = PBXBuildFile; fileRef = 5D7766962105E59F00ACEE22 /* ImageToStringConverter.swift */; };
		5D86358E20FE446A005E7141 /* ARCameraView.swift in Sources */ = {isa = PBXBuildFile; fileRef = 5D86358D20FE446A005E7141 /* ARCameraView.swift */; };
		5D86359020FE4483005E7141 /* AVFoundationCameraView.swift in Sources */ = {isa = PBXBuildFile; fileRef = 5D86358F20FE4483005E7141 /* AVFoundationCameraView.swift */; };
		5DD6A3BB2119A95D00E4CB3C /* TimerScreenLogic.swift in Sources */ = {isa = PBXBuildFile; fileRef = 5DD6A3BA2119A95D00E4CB3C /* TimerScreenLogic.swift */; };
		5DD6A3BD2119A96A00E4CB3C /* TimerScreenView.swift in Sources */ = {isa = PBXBuildFile; fileRef = 5DD6A3BC2119A96A00E4CB3C /* TimerScreenView.swift */; };
		5DDFEBC4212FE8BD00CC99D7 /* UsernameScreenLogic.swift in Sources */ = {isa = PBXBuildFile; fileRef = 5DDFEBC3212FE8BD00CC99D7 /* UsernameScreenLogic.swift */; };
		5DDFEBC6212FE8CA00CC99D7 /* UsernameScreenView.swift in Sources */ = {isa = PBXBuildFile; fileRef = 5DDFEBC5212FE8CA00CC99D7 /* UsernameScreenView.swift */; };
		5DF346D620F0DB41006FFCF8 /* RootProtocol.swift in Sources */ = {isa = PBXBuildFile; fileRef = 5DF346D520F0DB41006FFCF8 /* RootProtocol.swift */; };
		5DF346DA20F0DB82006FFCF8 /* Feature.swift in Sources */ = {isa = PBXBuildFile; fileRef = 5DF346D720F0DB82006FFCF8 /* Feature.swift */; };
		5DF346DB20F0DB82006FFCF8 /* Logger.swift in Sources */ = {isa = PBXBuildFile; fileRef = 5DF346D820F0DB82006FFCF8 /* Logger.swift */; };
		5DF346DC20F0DB82006FFCF8 /* RootViewController.swift in Sources */ = {isa = PBXBuildFile; fileRef = 5DF346D920F0DB82006FFCF8 /* RootViewController.swift */; };
		5DF346F720F0E148006FFCF8 /* CameraView.swift in Sources */ = {isa = PBXBuildFile; fileRef = 5DF346E920F0E148006FFCF8 /* CameraView.swift */; };
		5DF346F820F0E148006FFCF8 /* CameraLogic.swift in Sources */ = {isa = PBXBuildFile; fileRef = 5DF346EA20F0E148006FFCF8 /* CameraLogic.swift */; };
		5DF346FD20F0E1EE006FFCF8 /* 3DTypes.swift in Sources */ = {isa = PBXBuildFile; fileRef = 5DF346FC20F0E1ED006FFCF8 /* 3DTypes.swift */; };
		5DF38864212B347E0075EC84 /* GameState.swift in Sources */ = {isa = PBXBuildFile; fileRef = 5DF38863212B347E0075EC84 /* GameState.swift */; };
		5DF68E62210B2E8300A99468 /* Montserrat-Bold.otf in Resources */ = {isa = PBXBuildFile; fileRef = 5DF68E60210B2DE900A99468 /* Montserrat-Bold.otf */; };
		5DF68E63210B2E8500A99468 /* coiny-regular.ttf in Resources */ = {isa = PBXBuildFile; fileRef = 5DF68E61210B2DE900A99468 /* coiny-regular.ttf */; };
		5DF68E64210B2E8800A99468 /* Baloo-Regular.ttf in Resources */ = {isa = PBXBuildFile; fileRef = 5DF68E5E210B2DE900A99468 /* Baloo-Regular.ttf */; };
		5DF68E65210B2E8B00A99468 /* Montserrat-Regular.otf in Resources */ = {isa = PBXBuildFile; fileRef = 5DF68E5F210B2DE900A99468 /* Montserrat-Regular.otf */; };
		5DF85E462100C8C20079CD18 /* BackButton.swift in Sources */ = {isa = PBXBuildFile; fileRef = 5DF85E452100C8C20079CD18 /* BackButton.swift */; };
		BF4FF8A1F372414F91DD4946 /* Pods_scrabble.framework in Frameworks */ = {isa = PBXBuildFile; fileRef = 9DE57D99B9E3DF8F81F4D7BF /* Pods_scrabble.framework */; };
/* End PBXBuildFile section */

/* Begin PBXFileReference section */
		208D257CDAB2DA3AE4EC2902 /* Pods-scrabble.debug.xcconfig */ = {isa = PBXFileReference; includeInIndex = 1; lastKnownFileType = text.xcconfig; name = "Pods-scrabble.debug.xcconfig"; path = "Pods/Target Support Files/Pods-scrabble/Pods-scrabble.debug.xcconfig"; sourceTree = "<group>"; };
		5D189C4A21076A690005C938 /* CorrectLabelSelector.swift */ = {isa = PBXFileReference; lastKnownFileType = sourcecode.swift; path = CorrectLabelSelector.swift; sourceTree = "<group>"; };
		5D3107202126F18800ABD427 /* ApiLogic.swift */ = {isa = PBXFileReference; lastKnownFileType = sourcecode.swift; path = ApiLogic.swift; sourceTree = "<group>"; };
		5D3107232126FCF900ABD427 /* EventsLogic.swift */ = {isa = PBXFileReference; lastKnownFileType = sourcecode.swift; path = EventsLogic.swift; sourceTree = "<group>"; };
		5D310726212705AF00ABD427 /* RequestsLogic.swift */ = {isa = PBXFileReference; lastKnownFileType = sourcecode.swift; path = RequestsLogic.swift; sourceTree = "<group>"; };
		5D36EC4A2100A90900DCFBE4 /* HomeScreenView.swift */ = {isa = PBXFileReference; lastKnownFileType = sourcecode.swift; path = HomeScreenView.swift; sourceTree = "<group>"; };
		5D36EC4C2100A92E00DCFBE4 /* HomeScreenLogic.swift */ = {isa = PBXFileReference; lastKnownFileType = sourcecode.swift; path = HomeScreenLogic.swift; sourceTree = "<group>"; };
		5D36EC4F2100A98700DCFBE4 /* JoinGameScreenLogic.swift */ = {isa = PBXFileReference; lastKnownFileType = sourcecode.swift; path = JoinGameScreenLogic.swift; sourceTree = "<group>"; };
		5D36EC522100A9EC00DCFBE4 /* JoinGameScreenView.swift */ = {isa = PBXFileReference; lastKnownFileType = sourcecode.swift; path = JoinGameScreenView.swift; sourceTree = "<group>"; };
		5D36EC542100A9FF00DCFBE4 /* StartGameScreenLogic.swift */ = {isa = PBXFileReference; lastKnownFileType = sourcecode.swift; path = StartGameScreenLogic.swift; sourceTree = "<group>"; };
		5D36EC562100AA0C00DCFBE4 /* StartGameScreenView.swift */ = {isa = PBXFileReference; lastKnownFileType = sourcecode.swift; path = StartGameScreenView.swift; sourceTree = "<group>"; };
		5D36EC592100AA7400DCFBE4 /* SettingsScreenLogic.swift */ = {isa = PBXFileReference; lastKnownFileType = sourcecode.swift; path = SettingsScreenLogic.swift; sourceTree = "<group>"; };
		5D36EC5B2100AA8300DCFBE4 /* SettingsScreenView.swift */ = {isa = PBXFileReference; lastKnownFileType = sourcecode.swift; path = SettingsScreenView.swift; sourceTree = "<group>"; };
		5D36EC5E2100AAAE00DCFBE4 /* TutorialScreenLogic.swift */ = {isa = PBXFileReference; lastKnownFileType = sourcecode.swift; path = TutorialScreenLogic.swift; sourceTree = "<group>"; };
		5D36EC602100AABB00DCFBE4 /* TutorialScreenView.swift */ = {isa = PBXFileReference; lastKnownFileType = sourcecode.swift; path = TutorialScreenView.swift; sourceTree = "<group>"; };
		5D36EC632100AAE000DCFBE4 /* GameScreenView.swift */ = {isa = PBXFileReference; lastKnownFileType = sourcecode.swift; path = GameScreenView.swift; sourceTree = "<group>"; };
		5D36EC652100AAEB00DCFBE4 /* GameScreenLogic.swift */ = {isa = PBXFileReference; lastKnownFileType = sourcecode.swift; path = GameScreenLogic.swift; sourceTree = "<group>"; };
		5D36EC682100AB2F00DCFBE4 /* EndGameScreenLogic.swift */ = {isa = PBXFileReference; lastKnownFileType = sourcecode.swift; path = EndGameScreenLogic.swift; sourceTree = "<group>"; };
		5D36EC6A2100AB3C00DCFBE4 /* EndGameScreenView.swift */ = {isa = PBXFileReference; lastKnownFileType = sourcecode.swift; path = EndGameScreenView.swift; sourceTree = "<group>"; };
		5D48F7DB210B1AC100737814 /* ChangeNameScreenLogic.swift */ = {isa = PBXFileReference; lastKnownFileType = sourcecode.swift; path = ChangeNameScreenLogic.swift; sourceTree = "<group>"; };
		5D48F7DD210B1AD200737814 /* ChangeNameScreenView.swift */ = {isa = PBXFileReference; lastKnownFileType = sourcecode.swift; path = ChangeNameScreenView.swift; sourceTree = "<group>"; };
		5D73792B20F0B6CF00885CEB /* scrabble.app */ = {isa = PBXFileReference; explicitFileType = wrapper.application; includeInIndex = 0; path = scrabble.app; sourceTree = BUILT_PRODUCTS_DIR; };
		5D73792E20F0B6CF00885CEB /* AppDelegate.swift */ = {isa = PBXFileReference; lastKnownFileType = sourcecode.swift; path = AppDelegate.swift; sourceTree = "<group>"; };
		5D73793720F0B6D000885CEB /* Assets.xcassets */ = {isa = PBXFileReference; lastKnownFileType = folder.assetcatalog; path = Assets.xcassets; sourceTree = "<group>"; };
		5D73793A20F0B6D000885CEB /* Base */ = {isa = PBXFileReference; lastKnownFileType = file.storyboard; name = Base; path = Base.lproj/LaunchScreen.storyboard; sourceTree = "<group>"; };
		5D73793C20F0B6D000885CEB /* Info.plist */ = {isa = PBXFileReference; lastKnownFileType = text.plist.xml; path = Info.plist; sourceTree = "<group>"; };
		5D7766922105E48800ACEE22 /* ObjectRecognizerLogic.swift */ = {isa = PBXFileReference; lastKnownFileType = sourcecode.swift; path = ObjectRecognizerLogic.swift; sourceTree = "<group>"; };
		5D7766962105E59F00ACEE22 /* ImageToStringConverter.swift */ = {isa = PBXFileReference; lastKnownFileType = sourcecode.swift; path = ImageToStringConverter.swift; sourceTree = "<group>"; };
		5D86358D20FE446A005E7141 /* ARCameraView.swift */ = {isa = PBXFileReference; lastKnownFileType = sourcecode.swift; path = ARCameraView.swift; sourceTree = "<group>"; };
		5D86358F20FE4483005E7141 /* AVFoundationCameraView.swift */ = {isa = PBXFileReference; lastKnownFileType = sourcecode.swift; path = AVFoundationCameraView.swift; sourceTree = "<group>"; };
		5DD6A3BA2119A95D00E4CB3C /* TimerScreenLogic.swift */ = {isa = PBXFileReference; lastKnownFileType = sourcecode.swift; path = TimerScreenLogic.swift; sourceTree = "<group>"; };
		5DD6A3BC2119A96A00E4CB3C /* TimerScreenView.swift */ = {isa = PBXFileReference; lastKnownFileType = sourcecode.swift; path = TimerScreenView.swift; sourceTree = "<group>"; };
		5DDD0000212A84A000AAC60F /* scrabble.entitlements */ = {isa = PBXFileReference; lastKnownFileType = text.plist.entitlements; path = scrabble.entitlements; sourceTree = "<group>"; };
		5DDFEBC3212FE8BD00CC99D7 /* UsernameScreenLogic.swift */ = {isa = PBXFileReference; lastKnownFileType = sourcecode.swift; path = UsernameScreenLogic.swift; sourceTree = "<group>"; };
		5DDFEBC5212FE8CA00CC99D7 /* UsernameScreenView.swift */ = {isa = PBXFileReference; lastKnownFileType = sourcecode.swift; path = UsernameScreenView.swift; sourceTree = "<group>"; };
		5DF346D520F0DB41006FFCF8 /* RootProtocol.swift */ = {isa = PBXFileReference; fileEncoding = 4; lastKnownFileType = sourcecode.swift; path = RootProtocol.swift; sourceTree = "<group>"; };
		5DF346D720F0DB82006FFCF8 /* Feature.swift */ = {isa = PBXFileReference; fileEncoding = 4; lastKnownFileType = sourcecode.swift; path = Feature.swift; sourceTree = "<group>"; };
		5DF346D820F0DB82006FFCF8 /* Logger.swift */ = {isa = PBXFileReference; fileEncoding = 4; lastKnownFileType = sourcecode.swift; path = Logger.swift; sourceTree = "<group>"; };
		5DF346D920F0DB82006FFCF8 /* RootViewController.swift */ = {isa = PBXFileReference; fileEncoding = 4; lastKnownFileType = sourcecode.swift; path = RootViewController.swift; sourceTree = "<group>"; };
		5DF346E920F0E148006FFCF8 /* CameraView.swift */ = {isa = PBXFileReference; fileEncoding = 4; lastKnownFileType = sourcecode.swift; path = CameraView.swift; sourceTree = "<group>"; };
		5DF346EA20F0E148006FFCF8 /* CameraLogic.swift */ = {isa = PBXFileReference; fileEncoding = 4; lastKnownFileType = sourcecode.swift; path = CameraLogic.swift; sourceTree = "<group>"; };
		5DF346FC20F0E1ED006FFCF8 /* 3DTypes.swift */ = {isa = PBXFileReference; fileEncoding = 4; lastKnownFileType = sourcecode.swift; path = 3DTypes.swift; sourceTree = "<group>"; };
		5DF38863212B347E0075EC84 /* GameState.swift */ = {isa = PBXFileReference; lastKnownFileType = sourcecode.swift; path = GameState.swift; sourceTree = "<group>"; };
		5DF68E5E210B2DE900A99468 /* Baloo-Regular.ttf */ = {isa = PBXFileReference; lastKnownFileType = file; path = "Baloo-Regular.ttf"; sourceTree = "<group>"; };
		5DF68E5F210B2DE900A99468 /* Montserrat-Regular.otf */ = {isa = PBXFileReference; lastKnownFileType = file; path = "Montserrat-Regular.otf"; sourceTree = "<group>"; };
		5DF68E60210B2DE900A99468 /* Montserrat-Bold.otf */ = {isa = PBXFileReference; lastKnownFileType = file; path = "Montserrat-Bold.otf"; sourceTree = "<group>"; };
		5DF68E61210B2DE900A99468 /* coiny-regular.ttf */ = {isa = PBXFileReference; lastKnownFileType = file; path = "coiny-regular.ttf"; sourceTree = "<group>"; };
		5DF85E452100C8C20079CD18 /* BackButton.swift */ = {isa = PBXFileReference; lastKnownFileType = sourcecode.swift; path = BackButton.swift; sourceTree = "<group>"; };
		9DE57D99B9E3DF8F81F4D7BF /* Pods_scrabble.framework */ = {isa = PBXFileReference; explicitFileType = wrapper.framework; includeInIndex = 0; path = Pods_scrabble.framework; sourceTree = BUILT_PRODUCTS_DIR; };
		E97BA1FEE91847FC3EE01A3A /* Pods-scrabble.release.xcconfig */ = {isa = PBXFileReference; includeInIndex = 1; lastKnownFileType = text.xcconfig; name = "Pods-scrabble.release.xcconfig"; path = "Pods/Target Support Files/Pods-scrabble/Pods-scrabble.release.xcconfig"; sourceTree = "<group>"; };
/* End PBXFileReference section */

/* Begin PBXFrameworksBuildPhase section */
		5D73792820F0B6CF00885CEB /* Frameworks */ = {
			isa = PBXFrameworksBuildPhase;
			buildActionMask = 2147483647;
			files = (
				BF4FF8A1F372414F91DD4946 /* Pods_scrabble.framework in Frameworks */,
			);
			runOnlyForDeploymentPostprocessing = 0;
		};
/* End PBXFrameworksBuildPhase section */

/* Begin PBXGroup section */
		3555481A472D2435DD9727CE /* Pods */ = {
			isa = PBXGroup;
			children = (
				208D257CDAB2DA3AE4EC2902 /* Pods-scrabble.debug.xcconfig */,
				E97BA1FEE91847FC3EE01A3A /* Pods-scrabble.release.xcconfig */,
			);
			name = Pods;
			sourceTree = "<group>";
		};
		5D31071E2126F11000ABD427 /* Network */ = {
			isa = PBXGroup;
			children = (
				5D31071F2126F15500ABD427 /* Api */,
			);
			path = Network;
			sourceTree = "<group>";
		};
		5D31071F2126F15500ABD427 /* Api */ = {
			isa = PBXGroup;
			children = (
				5D3107202126F18800ABD427 /* ApiLogic.swift */,
				5D3107222126FCD400ABD427 /* Events */,
				5D3107252127059D00ABD427 /* Requests */,
			);
			path = Api;
			sourceTree = "<group>";
		};
		5D3107222126FCD400ABD427 /* Events */ = {
			isa = PBXGroup;
			children = (
				5D3107232126FCF900ABD427 /* EventsLogic.swift */,
			);
			path = Events;
			sourceTree = "<group>";
		};
		5D3107252127059D00ABD427 /* Requests */ = {
			isa = PBXGroup;
			children = (
				5D310726212705AF00ABD427 /* RequestsLogic.swift */,
			);
			path = Requests;
			sourceTree = "<group>";
		};
		5D36EC492100A88300DCFBE4 /* HomeScreen */ = {
			isa = PBXGroup;
			children = (
				5D36EC4C2100A92E00DCFBE4 /* HomeScreenLogic.swift */,
				5D36EC4A2100A90900DCFBE4 /* HomeScreenView.swift */,
			);
			path = HomeScreen;
			sourceTree = "<group>";
		};
		5D36EC4E2100A96800DCFBE4 /* JoinGameScreen */ = {
			isa = PBXGroup;
			children = (
				5D36EC4F2100A98700DCFBE4 /* JoinGameScreenLogic.swift */,
				5D36EC522100A9EC00DCFBE4 /* JoinGameScreenView.swift */,
			);
			path = JoinGameScreen;
			sourceTree = "<group>";
		};
		5D36EC512100A9BC00DCFBE4 /* StartGameScreen */ = {
			isa = PBXGroup;
			children = (
				5D36EC542100A9FF00DCFBE4 /* StartGameScreenLogic.swift */,
				5D36EC562100AA0C00DCFBE4 /* StartGameScreenView.swift */,
			);
			path = StartGameScreen;
			sourceTree = "<group>";
		};
		5D36EC582100AA5F00DCFBE4 /* SettingsScreen */ = {
			isa = PBXGroup;
			children = (
				5D48F7DA210B1A9000737814 /* ChangeNameScreen */,
				5D36EC592100AA7400DCFBE4 /* SettingsScreenLogic.swift */,
				5D36EC5B2100AA8300DCFBE4 /* SettingsScreenView.swift */,
			);
			path = SettingsScreen;
			sourceTree = "<group>";
		};
		5D36EC5D2100AA9500DCFBE4 /* TutorialScreen */ = {
			isa = PBXGroup;
			children = (
				5D36EC5E2100AAAE00DCFBE4 /* TutorialScreenLogic.swift */,
				5D36EC602100AABB00DCFBE4 /* TutorialScreenView.swift */,
			);
			path = TutorialScreen;
			sourceTree = "<group>";
		};
		5D36EC622100AACD00DCFBE4 /* GameScreen */ = {
			isa = PBXGroup;
			children = (
				5DD6A3B92119A93000E4CB3C /* TimerScreen */,
				5D36EC652100AAEB00DCFBE4 /* GameScreenLogic.swift */,
				5D36EC632100AAE000DCFBE4 /* GameScreenView.swift */,
				5D189C4A21076A690005C938 /* CorrectLabelSelector.swift */,
			);
			path = GameScreen;
			sourceTree = "<group>";
		};
		5D36EC672100AB1700DCFBE4 /* EndGameScreen */ = {
			isa = PBXGroup;
			children = (
				5D36EC682100AB2F00DCFBE4 /* EndGameScreenLogic.swift */,
				5D36EC6A2100AB3C00DCFBE4 /* EndGameScreenView.swift */,
			);
			path = EndGameScreen;
			sourceTree = "<group>";
		};
		5D36EC6C2100B00500DCFBE4 /* Screens */ = {
			isa = PBXGroup;
			children = (
				5DDFEBC2212FE86E00CC99D7 /* UsernameScreen */,
				5D36EC492100A88300DCFBE4 /* HomeScreen */,
				5D36EC512100A9BC00DCFBE4 /* StartGameScreen */,
				5D36EC4E2100A96800DCFBE4 /* JoinGameScreen */,
				5D36EC5D2100AA9500DCFBE4 /* TutorialScreen */,
				5D36EC582100AA5F00DCFBE4 /* SettingsScreen */,
				5D36EC622100AACD00DCFBE4 /* GameScreen */,
				5D36EC672100AB1700DCFBE4 /* EndGameScreen */,
			);
			path = Screens;
			sourceTree = "<group>";
		};
		5D48F7DA210B1A9000737814 /* ChangeNameScreen */ = {
			isa = PBXGroup;
			children = (
				5D48F7DB210B1AC100737814 /* ChangeNameScreenLogic.swift */,
				5D48F7DD210B1AD200737814 /* ChangeNameScreenView.swift */,
			);
			path = ChangeNameScreen;
			sourceTree = "<group>";
		};
		5D73792220F0B6CF00885CEB = {
			isa = PBXGroup;
			children = (
				5D73792D20F0B6CF00885CEB /* scrabble */,
				5D73792C20F0B6CF00885CEB /* Products */,
				3555481A472D2435DD9727CE /* Pods */,
				5FDBE47E7E4C2E080F262E69 /* Frameworks */,
			);
			sourceTree = "<group>";
		};
		5D73792C20F0B6CF00885CEB /* Products */ = {
			isa = PBXGroup;
			children = (
				5D73792B20F0B6CF00885CEB /* scrabble.app */,
			);
			name = Products;
			sourceTree = "<group>";
		};
		5D73792D20F0B6CF00885CEB /* scrabble */ = {
			isa = PBXGroup;
			children = (
				5DDD0000212A84A000AAC60F /* scrabble.entitlements */,
				5DF68E5D210B2D8300A99468 /* Fonts */,
				5DF85E442100C8B10079CD18 /* Components */,
				5D73792E20F0B6CF00885CEB /* AppDelegate.swift */,
				5DF346D520F0DB41006FFCF8 /* RootProtocol.swift */,
				5DF346FC20F0E1ED006FFCF8 /* 3DTypes.swift */,
				5DF38863212B347E0075EC84 /* GameState.swift */,
				5DF346DD20F0E148006FFCF8 /* Features */,
				5DF346D720F0DB82006FFCF8 /* Feature.swift */,
				5DF346D820F0DB82006FFCF8 /* Logger.swift */,
				5DF346D920F0DB82006FFCF8 /* RootViewController.swift */,
				5D73793720F0B6D000885CEB /* Assets.xcassets */,
				5D73793920F0B6D000885CEB /* LaunchScreen.storyboard */,
				5D73793C20F0B6D000885CEB /* Info.plist */,
			);
			path = scrabble;
			sourceTree = "<group>";
		};
		5D7766912105E2F100ACEE22 /* ObjectRecognizer */ = {
			isa = PBXGroup;
			children = (
				5D7766922105E48800ACEE22 /* ObjectRecognizerLogic.swift */,
				5D7766962105E59F00ACEE22 /* ImageToStringConverter.swift */,
			);
			path = ObjectRecognizer;
			sourceTree = "<group>";
		};
		5DD6A3B92119A93000E4CB3C /* TimerScreen */ = {
			isa = PBXGroup;
			children = (
				5DD6A3BA2119A95D00E4CB3C /* TimerScreenLogic.swift */,
				5DD6A3BC2119A96A00E4CB3C /* TimerScreenView.swift */,
			);
			path = TimerScreen;
			sourceTree = "<group>";
		};
		5DDFEBC2212FE86E00CC99D7 /* UsernameScreen */ = {
			isa = PBXGroup;
			children = (
				5DDFEBC3212FE8BD00CC99D7 /* UsernameScreenLogic.swift */,
				5DDFEBC5212FE8CA00CC99D7 /* UsernameScreenView.swift */,
			);
			path = UsernameScreen;
			sourceTree = "<group>";
		};
		5DF346DD20F0E148006FFCF8 /* Features */ = {
			isa = PBXGroup;
			children = (
				5D31071E2126F11000ABD427 /* Network */,
				5D7766912105E2F100ACEE22 /* ObjectRecognizer */,
				5D36EC6C2100B00500DCFBE4 /* Screens */,
				5DF346E820F0E148006FFCF8 /* Camera */,
			);
			path = Features;
			sourceTree = "<group>";
		};
		5DF346E820F0E148006FFCF8 /* Camera */ = {
			isa = PBXGroup;
			children = (
				5DF346EA20F0E148006FFCF8 /* CameraLogic.swift */,
				5DF346E920F0E148006FFCF8 /* CameraView.swift */,
				5D86358D20FE446A005E7141 /* ARCameraView.swift */,
				5D86358F20FE4483005E7141 /* AVFoundationCameraView.swift */,
			);
			path = Camera;
			sourceTree = "<group>";
		};
		5DF68E5D210B2D8300A99468 /* Fonts */ = {
			isa = PBXGroup;
			children = (
				5DF68E5E210B2DE900A99468 /* Baloo-Regular.ttf */,
				5DF68E61210B2DE900A99468 /* coiny-regular.ttf */,
				5DF68E60210B2DE900A99468 /* Montserrat-Bold.otf */,
				5DF68E5F210B2DE900A99468 /* Montserrat-Regular.otf */,
			);
			path = Fonts;
			sourceTree = "<group>";
		};
		5DF85E442100C8B10079CD18 /* Components */ = {
			isa = PBXGroup;
			children = (
				5DF85E452100C8C20079CD18 /* BackButton.swift */,
			);
			path = Components;
			sourceTree = "<group>";
		};
		5FDBE47E7E4C2E080F262E69 /* Frameworks */ = {
			isa = PBXGroup;
			children = (
				9DE57D99B9E3DF8F81F4D7BF /* Pods_scrabble.framework */,
			);
			name = Frameworks;
			sourceTree = "<group>";
		};
/* End PBXGroup section */

/* Begin PBXNativeTarget section */
		5D73792A20F0B6CF00885CEB /* scrabble */ = {
			isa = PBXNativeTarget;
			buildConfigurationList = 5D73793F20F0B6D000885CEB /* Build configuration list for PBXNativeTarget "scrabble" */;
			buildPhases = (
				A86ED5E064394BD161D48EDF /* [CP] Check Pods Manifest.lock */,
				5D73792720F0B6CF00885CEB /* Sources */,
				5D73792820F0B6CF00885CEB /* Frameworks */,
				5D73792920F0B6CF00885CEB /* Resources */,
				D586CB4F1E91F12AC2ABC1E8 /* [CP] Embed Pods Frameworks */,
			);
			buildRules = (
			);
			dependencies = (
			);
			name = scrabble;
			productName = scrabble;
			productReference = 5D73792B20F0B6CF00885CEB /* scrabble.app */;
			productType = "com.apple.product-type.application";
		};
/* End PBXNativeTarget section */

/* Begin PBXProject section */
		5D73792320F0B6CF00885CEB /* Project object */ = {
			isa = PBXProject;
			attributes = {
				LastSwiftUpdateCheck = 1000;
				LastUpgradeCheck = 1000;
				ORGANIZATIONNAME = "Charu Tak";
				TargetAttributes = {
					5D73792A20F0B6CF00885CEB = {
						CreatedOnToolsVersion = 10.0;
						SystemCapabilities = {
							com.apple.Push = {
								enabled = 1;
							};
						};
					};
				};
			};
			buildConfigurationList = 5D73792620F0B6CF00885CEB /* Build configuration list for PBXProject "scrabble" */;
			compatibilityVersion = "Xcode 9.3";
			developmentRegion = en;
			hasScannedForEncodings = 0;
			knownRegions = (
				en,
				Base,
			);
			mainGroup = 5D73792220F0B6CF00885CEB;
			productRefGroup = 5D73792C20F0B6CF00885CEB /* Products */;
			projectDirPath = "";
			projectRoot = "";
			targets = (
				5D73792A20F0B6CF00885CEB /* scrabble */,
			);
		};
/* End PBXProject section */

/* Begin PBXResourcesBuildPhase section */
		5D73792920F0B6CF00885CEB /* Resources */ = {
			isa = PBXResourcesBuildPhase;
			buildActionMask = 2147483647;
			files = (
				5DF68E64210B2E8800A99468 /* Baloo-Regular.ttf in Resources */,
				5D73793B20F0B6D000885CEB /* LaunchScreen.storyboard in Resources */,
				5D73793820F0B6D000885CEB /* Assets.xcassets in Resources */,
				5DF68E63210B2E8500A99468 /* coiny-regular.ttf in Resources */,
				5DF68E62210B2E8300A99468 /* Montserrat-Bold.otf in Resources */,
				5DF68E65210B2E8B00A99468 /* Montserrat-Regular.otf in Resources */,
			);
			runOnlyForDeploymentPostprocessing = 0;
		};
/* End PBXResourcesBuildPhase section */

/* Begin PBXShellScriptBuildPhase section */
		A86ED5E064394BD161D48EDF /* [CP] Check Pods Manifest.lock */ = {
			isa = PBXShellScriptBuildPhase;
			buildActionMask = 2147483647;
			files = (
			);
			inputPaths = (
				"${PODS_PODFILE_DIR_PATH}/Podfile.lock",
				"${PODS_ROOT}/Manifest.lock",
			);
			name = "[CP] Check Pods Manifest.lock";
			outputPaths = (
				"$(DERIVED_FILE_DIR)/Pods-scrabble-checkManifestLockResult.txt",
			);
			runOnlyForDeploymentPostprocessing = 0;
			shellPath = /bin/sh;
			shellScript = "diff \"${PODS_PODFILE_DIR_PATH}/Podfile.lock\" \"${PODS_ROOT}/Manifest.lock\" > /dev/null\nif [ $? != 0 ] ; then\n    # print error to STDERR\n    echo \"error: The sandbox is not in sync with the Podfile.lock. Run 'pod install' or update your CocoaPods installation.\" >&2\n    exit 1\nfi\n# This output is used by Xcode 'outputs' to avoid re-running this script phase.\necho \"SUCCESS\" > \"${SCRIPT_OUTPUT_FILE_0}\"\n";
			showEnvVarsInLog = 0;
		};
		D586CB4F1E91F12AC2ABC1E8 /* [CP] Embed Pods Frameworks */ = {
			isa = PBXShellScriptBuildPhase;
			buildActionMask = 2147483647;
			files = (
			);
			inputPaths = (
				"${SRCROOT}/Pods/Target Support Files/Pods-scrabble/Pods-scrabble-frameworks.sh",
				"${BUILT_PRODUCTS_DIR}/SnapKit/SnapKit.framework",
				"${BUILT_PRODUCTS_DIR}/SwiftyBeaver/SwiftyBeaver.framework",
				"${BUILT_PRODUCTS_DIR}/SwiftyJSON/SwiftyJSON.framework",
			);
			name = "[CP] Embed Pods Frameworks";
			outputPaths = (
				"${TARGET_BUILD_DIR}/${FRAMEWORKS_FOLDER_PATH}/SnapKit.framework",
				"${TARGET_BUILD_DIR}/${FRAMEWORKS_FOLDER_PATH}/SwiftyBeaver.framework",
				"${TARGET_BUILD_DIR}/${FRAMEWORKS_FOLDER_PATH}/SwiftyJSON.framework",
			);
			runOnlyForDeploymentPostprocessing = 0;
			shellPath = /bin/sh;
			shellScript = "\"${SRCROOT}/Pods/Target Support Files/Pods-scrabble/Pods-scrabble-frameworks.sh\"\n";
			showEnvVarsInLog = 0;
		};
/* End PBXShellScriptBuildPhase section */

/* Begin PBXSourcesBuildPhase section */
		5D73792720F0B6CF00885CEB /* Sources */ = {
			isa = PBXSourcesBuildPhase;
			buildActionMask = 2147483647;
			files = (
				5DF346F720F0E148006FFCF8 /* CameraView.swift in Sources */,
				5DDFEBC4212FE8BD00CC99D7 /* UsernameScreenLogic.swift in Sources */,
				5D36EC572100AA0C00DCFBE4 /* StartGameScreenView.swift in Sources */,
				5DD6A3BB2119A95D00E4CB3C /* TimerScreenLogic.swift in Sources */,
				5D36EC642100AAE000DCFBE4 /* GameScreenView.swift in Sources */,
				5D36EC612100AABB00DCFBE4 /* TutorialScreenView.swift in Sources */,
				5D310727212705AF00ABD427 /* RequestsLogic.swift in Sources */,
				5DF85E462100C8C20079CD18 /* BackButton.swift in Sources */,
				5DF346DB20F0DB82006FFCF8 /* Logger.swift in Sources */,
				5D36EC5C2100AA8300DCFBE4 /* SettingsScreenView.swift in Sources */,
				5DF346DA20F0DB82006FFCF8 /* Feature.swift in Sources */,
				5D3107212126F18800ABD427 /* ApiLogic.swift in Sources */,
				5D36EC4D2100A92E00DCFBE4 /* HomeScreenLogic.swift in Sources */,
				5D7766932105E48800ACEE22 /* ObjectRecognizerLogic.swift in Sources */,
				5D36EC662100AAEB00DCFBE4 /* GameScreenLogic.swift in Sources */,
				5DD6A3BD2119A96A00E4CB3C /* TimerScreenView.swift in Sources */,
				5D86359020FE4483005E7141 /* AVFoundationCameraView.swift in Sources */,
				5DF346DC20F0DB82006FFCF8 /* RootViewController.swift in Sources */,
				5DF346FD20F0E1EE006FFCF8 /* 3DTypes.swift in Sources */,
				5D36EC502100A98700DCFBE4 /* JoinGameScreenLogic.swift in Sources */,
				5D7766972105E59F00ACEE22 /* ImageToStringConverter.swift in Sources */,
				5DF346D620F0DB41006FFCF8 /* RootProtocol.swift in Sources */,
				5D36EC6B2100AB3D00DCFBE4 /* EndGameScreenView.swift in Sources */,
				5D3107242126FCF900ABD427 /* EventsLogic.swift in Sources */,
				5D36EC4B2100A90900DCFBE4 /* HomeScreenView.swift in Sources */,
				5D36EC692100AB2F00DCFBE4 /* EndGameScreenLogic.swift in Sources */,
				5DF38864212B347E0075EC84 /* GameState.swift in Sources */,
				5D36EC552100A9FF00DCFBE4 /* StartGameScreenLogic.swift in Sources */,
				5D48F7DE210B1AD200737814 /* ChangeNameScreenView.swift in Sources */,
				5D189C4B21076A690005C938 /* CorrectLabelSelector.swift in Sources */,
				5DDFEBC6212FE8CA00CC99D7 /* UsernameScreenView.swift in Sources */,
				5DF346F820F0E148006FFCF8 /* CameraLogic.swift in Sources */,
				5D73792F20F0B6CF00885CEB /* AppDelegate.swift in Sources */,
				5D36EC5A2100AA7400DCFBE4 /* SettingsScreenLogic.swift in Sources */,
				5D36EC532100A9EC00DCFBE4 /* JoinGameScreenView.swift in Sources */,
				5D86358E20FE446A005E7141 /* ARCameraView.swift in Sources */,
				5D48F7DC210B1AC100737814 /* ChangeNameScreenLogic.swift in Sources */,
				5D36EC5F2100AAAE00DCFBE4 /* TutorialScreenLogic.swift in Sources */,
			);
			runOnlyForDeploymentPostprocessing = 0;
		};
/* End PBXSourcesBuildPhase section */

/* Begin PBXVariantGroup section */
		5D73793920F0B6D000885CEB /* LaunchScreen.storyboard */ = {
			isa = PBXVariantGroup;
			children = (
				5D73793A20F0B6D000885CEB /* Base */,
			);
			name = LaunchScreen.storyboard;
			sourceTree = "<group>";
		};
/* End PBXVariantGroup section */

/* Begin XCBuildConfiguration section */
		5D73793D20F0B6D000885CEB /* Debug */ = {
			isa = XCBuildConfiguration;
			buildSettings = {
				ALWAYS_SEARCH_USER_PATHS = NO;
				CLANG_ANALYZER_NONNULL = YES;
				CLANG_ANALYZER_NUMBER_OBJECT_CONVERSION = YES_AGGRESSIVE;
				CLANG_CXX_LANGUAGE_STANDARD = "gnu++14";
				CLANG_CXX_LIBRARY = "libc++";
				CLANG_ENABLE_MODULES = YES;
				CLANG_ENABLE_OBJC_ARC = YES;
				CLANG_ENABLE_OBJC_WEAK = YES;
				CLANG_WARN_BLOCK_CAPTURE_AUTORELEASING = YES;
				CLANG_WARN_BOOL_CONVERSION = YES;
				CLANG_WARN_COMMA = YES;
				CLANG_WARN_CONSTANT_CONVERSION = YES;
				CLANG_WARN_DEPRECATED_OBJC_IMPLEMENTATIONS = YES;
				CLANG_WARN_DIRECT_OBJC_ISA_USAGE = YES_ERROR;
				CLANG_WARN_DOCUMENTATION_COMMENTS = YES;
				CLANG_WARN_EMPTY_BODY = YES;
				CLANG_WARN_ENUM_CONVERSION = YES;
				CLANG_WARN_INFINITE_RECURSION = YES;
				CLANG_WARN_INT_CONVERSION = YES;
				CLANG_WARN_NON_LITERAL_NULL_CONVERSION = YES;
				CLANG_WARN_OBJC_IMPLICIT_RETAIN_SELF = YES;
				CLANG_WARN_OBJC_LITERAL_CONVERSION = YES;
				CLANG_WARN_OBJC_ROOT_CLASS = YES_ERROR;
				CLANG_WARN_RANGE_LOOP_ANALYSIS = YES;
				CLANG_WARN_STRICT_PROTOTYPES = YES;
				CLANG_WARN_SUSPICIOUS_MOVE = YES;
				CLANG_WARN_UNGUARDED_AVAILABILITY = YES_AGGRESSIVE;
				CLANG_WARN_UNREACHABLE_CODE = YES;
				CLANG_WARN__DUPLICATE_METHOD_MATCH = YES;
				CODE_SIGN_IDENTITY = "iPhone Developer";
				COPY_PHASE_STRIP = NO;
				DEBUG_INFORMATION_FORMAT = dwarf;
				ENABLE_STRICT_OBJC_MSGSEND = YES;
				ENABLE_TESTABILITY = YES;
				GCC_C_LANGUAGE_STANDARD = gnu11;
				GCC_DYNAMIC_NO_PIC = NO;
				GCC_NO_COMMON_BLOCKS = YES;
				GCC_OPTIMIZATION_LEVEL = 0;
				GCC_PREPROCESSOR_DEFINITIONS = (
					"DEBUG=1",
					"$(inherited)",
				);
				GCC_WARN_64_TO_32_BIT_CONVERSION = YES;
				GCC_WARN_ABOUT_RETURN_TYPE = YES_ERROR;
				GCC_WARN_UNDECLARED_SELECTOR = YES;
				GCC_WARN_UNINITIALIZED_AUTOS = YES_AGGRESSIVE;
				GCC_WARN_UNUSED_FUNCTION = YES;
				GCC_WARN_UNUSED_VARIABLE = YES;
				IPHONEOS_DEPLOYMENT_TARGET = 11.4;
				MTL_ENABLE_DEBUG_INFO = INCLUDE_SOURCE;
				ONLY_ACTIVE_ARCH = YES;
				SDKROOT = iphoneos;
				SWIFT_ACTIVE_COMPILATION_CONDITIONS = DEBUG;
				SWIFT_OPTIMIZATION_LEVEL = "-Onone";
			};
			name = Debug;
		};
		5D73793E20F0B6D000885CEB /* Release */ = {
			isa = XCBuildConfiguration;
			buildSettings = {
				ALWAYS_SEARCH_USER_PATHS = NO;
				CLANG_ANALYZER_NONNULL = YES;
				CLANG_ANALYZER_NUMBER_OBJECT_CONVERSION = YES_AGGRESSIVE;
				CLANG_CXX_LANGUAGE_STANDARD = "gnu++14";
				CLANG_CXX_LIBRARY = "libc++";
				CLANG_ENABLE_MODULES = YES;
				CLANG_ENABLE_OBJC_ARC = YES;
				CLANG_ENABLE_OBJC_WEAK = YES;
				CLANG_WARN_BLOCK_CAPTURE_AUTORELEASING = YES;
				CLANG_WARN_BOOL_CONVERSION = YES;
				CLANG_WARN_COMMA = YES;
				CLANG_WARN_CONSTANT_CONVERSION = YES;
				CLANG_WARN_DEPRECATED_OBJC_IMPLEMENTATIONS = YES;
				CLANG_WARN_DIRECT_OBJC_ISA_USAGE = YES_ERROR;
				CLANG_WARN_DOCUMENTATION_COMMENTS = YES;
				CLANG_WARN_EMPTY_BODY = YES;
				CLANG_WARN_ENUM_CONVERSION = YES;
				CLANG_WARN_INFINITE_RECURSION = YES;
				CLANG_WARN_INT_CONVERSION = YES;
				CLANG_WARN_NON_LITERAL_NULL_CONVERSION = YES;
				CLANG_WARN_OBJC_IMPLICIT_RETAIN_SELF = YES;
				CLANG_WARN_OBJC_LITERAL_CONVERSION = YES;
				CLANG_WARN_OBJC_ROOT_CLASS = YES_ERROR;
				CLANG_WARN_RANGE_LOOP_ANALYSIS = YES;
				CLANG_WARN_STRICT_PROTOTYPES = YES;
				CLANG_WARN_SUSPICIOUS_MOVE = YES;
				CLANG_WARN_UNGUARDED_AVAILABILITY = YES_AGGRESSIVE;
				CLANG_WARN_UNREACHABLE_CODE = YES;
				CLANG_WARN__DUPLICATE_METHOD_MATCH = YES;
				CODE_SIGN_IDENTITY = "iPhone Developer";
				COPY_PHASE_STRIP = NO;
				DEBUG_INFORMATION_FORMAT = "dwarf-with-dsym";
				ENABLE_NS_ASSERTIONS = NO;
				ENABLE_STRICT_OBJC_MSGSEND = YES;
				GCC_C_LANGUAGE_STANDARD = gnu11;
				GCC_NO_COMMON_BLOCKS = YES;
				GCC_WARN_64_TO_32_BIT_CONVERSION = YES;
				GCC_WARN_ABOUT_RETURN_TYPE = YES_ERROR;
				GCC_WARN_UNDECLARED_SELECTOR = YES;
				GCC_WARN_UNINITIALIZED_AUTOS = YES_AGGRESSIVE;
				GCC_WARN_UNUSED_FUNCTION = YES;
				GCC_WARN_UNUSED_VARIABLE = YES;
				IPHONEOS_DEPLOYMENT_TARGET = 11.4;
				MTL_ENABLE_DEBUG_INFO = NO;
				SDKROOT = iphoneos;
				SWIFT_COMPILATION_MODE = wholemodule;
				SWIFT_OPTIMIZATION_LEVEL = "-O";
				VALIDATE_PRODUCT = YES;
			};
			name = Release;
		};
		5D73794020F0B6D000885CEB /* Debug */ = {
			isa = XCBuildConfiguration;
			baseConfigurationReference = 208D257CDAB2DA3AE4EC2902 /* Pods-scrabble.debug.xcconfig */;
			buildSettings = {
				ASSETCATALOG_COMPILER_APPICON_NAME = appIcon;
				ASSETCATALOG_COMPILER_LAUNCHIMAGE_NAME = launchScreen;
				CODE_SIGN_ENTITLEMENTS = scrabble/scrabble.entitlements;
				CODE_SIGN_STYLE = Manual;
				CURRENT_PROJECT_VERSION = 3;
				DEVELOPMENT_TEAM = RTP2FFNB26;
				INFOPLIST_FILE = scrabble/Info.plist;
				IPHONEOS_DEPLOYMENT_TARGET = 11.4;
				LD_RUNPATH_SEARCH_PATHS = (
					"$(inherited)",
					"@executable_path/Frameworks",
				);
				PRODUCT_BUNDLE_IDENTIFIER = net.byondreal.ios.littleLetters;
				PRODUCT_NAME = "$(TARGET_NAME)";
				PROVISIONING_PROFILE = "02f341e3-0968-4e25-a3af-01bed4bc1708";
				PROVISIONING_PROFILE_SPECIFIER = "match Development net.byondreal.ios.littleLetters";
				SWIFT_VERSION = 4.0;
				TARGETED_DEVICE_FAMILY = "1,2";
				VERSIONING_SYSTEM = "apple-generic";
			};
			name = Debug;
		};
		5D73794120F0B6D000885CEB /* Release */ = {
			isa = XCBuildConfiguration;
			baseConfigurationReference = E97BA1FEE91847FC3EE01A3A /* Pods-scrabble.release.xcconfig */;
			buildSettings = {
				ASSETCATALOG_COMPILER_APPICON_NAME = appIcon;
				ASSETCATALOG_COMPILER_LAUNCHIMAGE_NAME = launchScreen;
				CODE_SIGN_ENTITLEMENTS = scrabble/scrabble.entitlements;
				CODE_SIGN_IDENTITY = "iPhone Distribution";
				CODE_SIGN_STYLE = Manual;
				CURRENT_PROJECT_VERSION = 3;
				DEVELOPMENT_TEAM = RTP2FFNB26;
				INFOPLIST_FILE = scrabble/Info.plist;
				IPHONEOS_DEPLOYMENT_TARGET = 11.4;
				LD_RUNPATH_SEARCH_PATHS = (
					"$(inherited)",
					"@executable_path/Frameworks",
				);
				PRODUCT_BUNDLE_IDENTIFIER = net.byondreal.ios.littleLetters;
				PRODUCT_NAME = "$(TARGET_NAME)";
				PROVISIONING_PROFILE = "82a27c14-1848-48f3-9845-2d78ac542a4d";
				PROVISIONING_PROFILE_SPECIFIER = "match AppStore net.byondreal.ios.littleLetters";
				SWIFT_VERSION = 4.0;
				TARGETED_DEVICE_FAMILY = "1,2";
				VERSIONING_SYSTEM = "apple-generic";
			};
			name = Release;
		};
/* End XCBuildConfiguration section */

/* Begin XCConfigurationList section */
		5D73792620F0B6CF00885CEB /* Build configuration list for PBXProject "scrabble" */ = {
			isa = XCConfigurationList;
			buildConfigurations = (
				5D73793D20F0B6D000885CEB /* Debug */,
				5D73793E20F0B6D000885CEB /* Release */,
			);
			defaultConfigurationIsVisible = 0;
			defaultConfigurationName = Release;
		};
		5D73793F20F0B6D000885CEB /* Build configuration list for PBXNativeTarget "scrabble" */ = {
			isa = XCConfigurationList;
			buildConfigurations = (
				5D73794020F0B6D000885CEB /* Debug */,
				5D73794120F0B6D000885CEB /* Release */,
			);
			defaultConfigurationIsVisible = 0;
			defaultConfigurationName = Release;
		};
/* End XCConfigurationList section */
	};
	rootObject = 5D73792320F0B6CF00885CEB /* Project object */;
}
