PODS:
  - SnapKit (4.0.0)
  - SwiftLint (0.24.0)
  - SwiftyBeaver (1.4.3)

DEPENDENCIES:
  - SnapKit (~> 4.0.0)
  - SwiftLint
  - SwiftyBeaver

SPEC REPOS:
  https://github.com/cocoapods/specs.git:
    - SnapKit
    - SwiftLint
    - SwiftyBeaver

SPEC CHECKSUMS:
  SnapKit: a42d492c16e80209130a3379f73596c3454b7694
  SwiftLint: a014c92b4664e8b13f380f8640a51bb1733778ba
  SwiftyBeaver: e10b1668e0512229c36c34769b97eed3dfae2ca3

PODFILE CHECKSUM: 9a14965ada053d196055964de7973f90b79ef35f

COCOAPODS: 1.5.3
